
Microsoft Visual Studio Solution File, Format Version 12.00
# Visual Studio Version 16
VisualStudioVersion = 16.0.32126.315
MinimumVisualStudioVersion = 10.0.40219.1
Project("{FAE04EC0-301F-11D3-BF4B-00C04F79EFBC}") = "Bookstore", "Bookstore\Bookstore.csproj", "{44A6BBE3-AD55-4EFC-94A1-83820A362732}"
EndProject
Global
	GlobalSection(SolutionConfigurationPlatforms) = preSolution
		Debug|Any CPU = Debug|Any CPU
		Release|Any CPU = Release|Any CPU
	EndGlobalSection
	GlobalSection(ProjectConfigurationPlatforms) = postSolution
		{44A6BBE3-AD55-4EFC-94A1-83820A362732}.Debug|Any CPU.ActiveCfg = Debug|Any CPU
		{44A6BBE3-AD55-4EFC-94A1-83820A362732}.Debug|Any CPU.Build.0 = Debug|Any CPU
		{44A6BBE3-AD55-4EFC-94A1-83820A362732}.Release|Any CPU.ActiveCfg = Release|Any CPU
		{44A6BBE3-AD55-4EFC-94A1-83820A362732}.Release|Any CPU.Build.0 = Release|Any CPU
	EndGlobalSection
	GlobalSection(SolutionProperties) = preSolution
		HideSolutionNode = FALSE
	EndGlobalSection
	GlobalSection(ExtensibilityGlobals) = postSolution
		SolutionGuid = {91C83F47-0A21-47E9-92E1-B51DB72CDEFC}
	EndGlobalSection
EndGlobal
